// !$*UTF8*$!
{
	archiveVersion = 1;
	classes = {
	};
	objectVersion = 46;
	objects = {

/* Begin PBXBuildFile section */
		E508CA0016A2030B005DEF4F /* Accessors.cpp in Sources */ = {isa = PBXBuildFile; fileRef = E508C9FF16A2030B005DEF4F /* Accessors.cpp */; };
		E50946D21806FC3C0034259A /* Async.cpp in Sources */ = {isa = PBXBuildFile; fileRef = E50946D11806FC3C0034259A /* Async.cpp */; };
		E50C5E3F16EF37FE00D655E1 /* Isoch.cpp in Sources */ = {isa = PBXBuildFile; fileRef = E50C5E3E16EF37FE00D655E1 /* Isoch.cpp */; };
		E50CAA1D19C0B74900E2412C /* Compatibility.cpp in Sources */ = {isa = PBXBuildFile; fileRef = E50CAA1C19C0B74900E2412C /* Compatibility.cpp */; };
		E52B1AC5168BA6D600860CF2 /* Leaf_Methods.cpp in Sources */ = {isa = PBXBuildFile; fileRef = E52B1AC3168BA6D600860CF2 /* Leaf_Methods.cpp */; };
		E52B1ACA168BA86400860CF2 /* V3Pure.cpp in Sources */ = {isa = PBXBuildFile; fileRef = E52B1AC8168BA86400860CF2 /* V3Pure.cpp */; };
		E53AAC301807016B0050AC2C /* Rings.cpp in Sources */ = {isa = PBXBuildFile; fileRef = E53AAC2F1807016B0050AC2C /* Rings.cpp */; };
		E5A3497216C7B79500F86B90 /* Transfers.cpp in Sources */ = {isa = PBXBuildFile; fileRef = E5A3497116C7B79500F86B90 /* Transfers.cpp */; };
		E5AE45A91805D01D000813E4 /* Streams.cpp in Sources */ = {isa = PBXBuildFile; fileRef = E5AE45A81805D01D000813E4 /* Streams.cpp */; };
		E5C71C13168BA9CC0066307F /* V3Overrides.cpp in Sources */ = {isa = PBXBuildFile; fileRef = E5C71C11168BA9CC0066307F /* V3Overrides.cpp */; };
		E5C71C17168BAA480066307F /* V2Pure.cpp in Sources */ = {isa = PBXBuildFile; fileRef = E5C71C15168BAA480066307F /* V2Pure.cpp */; };
		E5C71C1B168BAA540066307F /* V2Overrides.cpp in Sources */ = {isa = PBXBuildFile; fileRef = E5C71C19168BAA530066307F /* V2Overrides.cpp */; };
		E5D170DF16ADFDE9004F0277 /* RootHub.cpp in Sources */ = {isa = PBXBuildFile; fileRef = E5D170DE16ADFDE9004F0277 /* RootHub.cpp */; };
		E5D4CB7216B4422200A81AB7 /* Endpoints.cpp in Sources */ = {isa = PBXBuildFile; fileRef = E5D4CB7116B4422200A81AB7 /* Endpoints.cpp */; };
		E5D4CB7416B4432300A81AB7 /* UnXHCI.cpp in Sources */ = {isa = PBXBuildFile; fileRef = E5D4CB7316B4432300A81AB7 /* UnXHCI.cpp */; };
		E5D588C416B563CC002E8D56 /* Command.cpp in Sources */ = {isa = PBXBuildFile; fileRef = E5D588C316B563CC002E8D56 /* Command.cpp */; };
		E5D81FFF166F8ABF0075A356 /* GenericUSBXHCI.cpp in Sources */ = {isa = PBXBuildFile; fileRef = E5D81FFE166F8ABF0075A356 /* GenericUSBXHCI.cpp */; };
		E5DE0B28168BAC3A002BD641 /* V1Overrides.cpp in Sources */ = {isa = PBXBuildFile; fileRef = E5DE0B26168BAC3A002BD641 /* V1Overrides.cpp */; };
		E5DE0B2D168BAC5E002BD641 /* V1Pure.cpp in Sources */ = {isa = PBXBuildFile; fileRef = E5DE0B2B168BAC5E002BD641 /* V1Pure.cpp */; };
		E5DE3C4818070046007D70A7 /* Slots.cpp in Sources */ = {isa = PBXBuildFile; fileRef = E5DE3C4718070046007D70A7 /* Slots.cpp */; };
		E5EA8C7F169822C800A263A2 /* Diagnostics.cpp in Sources */ = {isa = PBXBuildFile; fileRef = E5EA8C7E169822C800A263A2 /* Diagnostics.cpp */; };
		E5EA8C821698239100A263A2 /* Interrupts.cpp in Sources */ = {isa = PBXBuildFile; fileRef = E5EA8C811698239100A263A2 /* Interrupts.cpp */; };
		E5EA8C841698241A00A263A2 /* PwrMgmt.cpp in Sources */ = {isa = PBXBuildFile; fileRef = E5EA8C831698241A00A263A2 /* PwrMgmt.cpp */; };
		E5FA97CB16BEE6920026B0FD /* GenericUSBXHCIUserClient.cpp in Sources */ = {isa = PBXBuildFile; fileRef = E5FA97C916BEE6920026B0FD /* GenericUSBXHCIUserClient.cpp */; };
		E5FC455C181D65A2007BFF5B /* GenericUSBXHCIEventSource.cpp in Sources */ = {isa = PBXBuildFile; fileRef = E5FC455B181D65A2007BFF5B /* GenericUSBXHCIEventSource.cpp */; };
		E5FD15B91811804B0035DB81 /* Completer.cpp in Sources */ = {isa = PBXBuildFile; fileRef = E5FD15B81811804B0035DB81 /* Completer.cpp */; };
/* End PBXBuildFile section */

/* Begin PBXFileReference section */
		E508C9FF16A2030B005DEF4F /* Accessors.cpp */ = {isa = PBXFileReference; lastKnownFileType = sourcecode.cpp.cpp; path = Accessors.cpp; sourceTree = "<group>"; };
		E50946D11806FC3C0034259A /* Async.cpp */ = {isa = PBXFileReference; lastKnownFileType = sourcecode.cpp.cpp; path = Async.cpp; sourceTree = "<group>"; };
		E50C5E3E16EF37FE00D655E1 /* Isoch.cpp */ = {isa = PBXFileReference; lastKnownFileType = sourcecode.cpp.cpp; path = Isoch.cpp; sourceTree = "<group>"; };
		E50C5E4016EF381600D655E1 /* Isoch.h */ = {isa = PBXFileReference; lastKnownFileType = sourcecode.c.h; path = Isoch.h; sourceTree = "<group>"; };
		E50CAA1B19C0B17700E2412C /* Compatibility.h */ = {isa = PBXFileReference; lastKnownFileType = sourcecode.c.h; path = Compatibility.h; sourceTree = "<group>"; };
		E50CAA1C19C0B74900E2412C /* Compatibility.cpp */ = {isa = PBXFileReference; lastKnownFileType = sourcecode.cpp.cpp; path = Compatibility.cpp; sourceTree = "<group>"; };
		E518655A1695EFE400F068CF /* Private.h */ = {isa = PBXFileReference; lastKnownFileType = sourcecode.c.h; path = Private.h; sourceTree = "<group>"; };
		E52B1AC3168BA6D600860CF2 /* Leaf_Methods.cpp */ = {isa = PBXFileReference; lastKnownFileType = sourcecode.cpp.cpp; path = Leaf_Methods.cpp; sourceTree = "<group>"; };
		E52B1AC8168BA86400860CF2 /* V3Pure.cpp */ = {isa = PBXFileReference; lastKnownFileType = sourcecode.cpp.cpp; path = V3Pure.cpp; sourceTree = "<group>"; };
		E53AAC2F1807016B0050AC2C /* Rings.cpp */ = {isa = PBXFileReference; lastKnownFileType = sourcecode.cpp.cpp; path = Rings.cpp; sourceTree = "<group>"; };
		E5A3497116C7B79500F86B90 /* Transfers.cpp */ = {isa = PBXFileReference; lastKnownFileType = sourcecode.cpp.cpp; path = Transfers.cpp; sourceTree = "<group>"; };
		E5AE45A81805D01D000813E4 /* Streams.cpp */ = {isa = PBXFileReference; lastKnownFileType = sourcecode.cpp.cpp; path = Streams.cpp; sourceTree = "<group>"; };
		E5C71C11168BA9CC0066307F /* V3Overrides.cpp */ = {isa = PBXFileReference; lastKnownFileType = sourcecode.cpp.cpp; path = V3Overrides.cpp; sourceTree = "<group>"; };
		E5C71C15168BAA480066307F /* V2Pure.cpp */ = {isa = PBXFileReference; lastKnownFileType = sourcecode.cpp.cpp; path = V2Pure.cpp; sourceTree = "<group>"; };
		E5C71C19168BAA530066307F /* V2Overrides.cpp */ = {isa = PBXFileReference; lastKnownFileType = sourcecode.cpp.cpp; path = V2Overrides.cpp; sourceTree = "<group>"; };
		E5D170DE16ADFDE9004F0277 /* RootHub.cpp */ = {isa = PBXFileReference; lastKnownFileType = sourcecode.cpp.cpp; path = RootHub.cpp; sourceTree = "<group>"; };
		E5D225F1167B758400519E3E /* XHCIRegs.h */ = {isa = PBXFileReference; lastKnownFileType = sourcecode.c.h; path = XHCIRegs.h; sourceTree = "<group>"; };
		E5D4CB6F16B4307800A81AB7 /* XHCITRB.h */ = {isa = PBXFileReference; lastKnownFileType = sourcecode.c.h; path = XHCITRB.h; sourceTree = "<group>"; };
		E5D4CB7116B4422200A81AB7 /* Endpoints.cpp */ = {isa = PBXFileReference; lastKnownFileType = sourcecode.cpp.cpp; path = Endpoints.cpp; sourceTree = "<group>"; };
		E5D4CB7316B4432300A81AB7 /* UnXHCI.cpp */ = {isa = PBXFileReference; lastKnownFileType = sourcecode.cpp.cpp; path = UnXHCI.cpp; sourceTree = "<group>"; };
		E5D588C316B563CC002E8D56 /* Command.cpp */ = {isa = PBXFileReference; lastKnownFileType = sourcecode.cpp.cpp; path = Command.cpp; sourceTree = "<group>"; };
		E5D5A40616C80BFA0087F0E9 /* Async.h */ = {isa = PBXFileReference; lastKnownFileType = sourcecode.c.h; path = Async.h; sourceTree = "<group>"; };
		E5D81FF2166F8ABF0075A356 /* GenericUSBXHCI.kext */ = {isa = PBXFileReference; explicitFileType = wrapper.cfbundle; includeInIndex = 0; path = GenericUSBXHCI.kext; sourceTree = BUILT_PRODUCTS_DIR; };
		E5D81FF6166F8ABF0075A356 /* Kernel.framework */ = {isa = PBXFileReference; lastKnownFileType = wrapper.framework; name = Kernel.framework; path = System/Library/Frameworks/Kernel.framework; sourceTree = SDKROOT; };
		E5D81FF9166F8ABF0075A356 /* Info.plist */ = {isa = PBXFileReference; lastKnownFileType = text.plist; path = Info.plist; sourceTree = "<group>"; };
		E5D81FFD166F8ABF0075A356 /* GenericUSBXHCI.h */ = {isa = PBXFileReference; lastKnownFileType = sourcecode.c.h; path = GenericUSBXHCI.h; sourceTree = "<group>"; wrapsLines = 0; };
		E5D81FFE166F8ABF0075A356 /* GenericUSBXHCI.cpp */ = {isa = PBXFileReference; lastKnownFileType = sourcecode.cpp.cpp; path = GenericUSBXHCI.cpp; sourceTree = "<group>"; wrapsLines = 0; };
		E5DE0B26168BAC3A002BD641 /* V1Overrides.cpp */ = {isa = PBXFileReference; lastKnownFileType = sourcecode.cpp.cpp; path = V1Overrides.cpp; sourceTree = "<group>"; };
		E5DE0B2B168BAC5E002BD641 /* V1Pure.cpp */ = {isa = PBXFileReference; lastKnownFileType = sourcecode.cpp.cpp; path = V1Pure.cpp; sourceTree = "<group>"; };
		E5DE3C4718070046007D70A7 /* Slots.cpp */ = {isa = PBXFileReference; lastKnownFileType = sourcecode.cpp.cpp; path = Slots.cpp; sourceTree = "<group>"; };
		E5E863C216B3EAE900C8C1AC /* XHCITypes.h */ = {isa = PBXFileReference; lastKnownFileType = sourcecode.c.h; path = XHCITypes.h; sourceTree = "<group>"; };
		E5EA8C7E169822C800A263A2 /* Diagnostics.cpp */ = {isa = PBXFileReference; lastKnownFileType = sourcecode.cpp.cpp; path = Diagnostics.cpp; sourceTree = "<group>"; };
		E5EA8C811698239100A263A2 /* Interrupts.cpp */ = {isa = PBXFileReference; lastKnownFileType = sourcecode.cpp.cpp; path = Interrupts.cpp; sourceTree = "<group>"; };
		E5EA8C831698241A00A263A2 /* PwrMgmt.cpp */ = {isa = PBXFileReference; lastKnownFileType = sourcecode.cpp.cpp; path = PwrMgmt.cpp; sourceTree = "<group>"; };
		E5FA97C916BEE6920026B0FD /* GenericUSBXHCIUserClient.cpp */ = {isa = PBXFileReference; lastKnownFileType = sourcecode.cpp.cpp; path = GenericUSBXHCIUserClient.cpp; sourceTree = "<group>"; };
		E5FA97CA16BEE6920026B0FD /* GenericUSBXHCIUserClient.h */ = {isa = PBXFileReference; lastKnownFileType = sourcecode.c.h; path = GenericUSBXHCIUserClient.h; sourceTree = "<group>"; };
		E5FC455B181D65A2007BFF5B /* GenericUSBXHCIEventSource.cpp */ = {isa = PBXFileReference; lastKnownFileType = sourcecode.cpp.cpp; path = GenericUSBXHCIEventSource.cpp; sourceTree = "<group>"; };
		E5FD15B7181180370035DB81 /* Completer.h */ = {isa = PBXFileReference; lastKnownFileType = sourcecode.c.h; path = Completer.h; sourceTree = "<group>"; };
		E5FD15B81811804B0035DB81 /* Completer.cpp */ = {isa = PBXFileReference; lastKnownFileType = sourcecode.cpp.cpp; path = Completer.cpp; sourceTree = "<group>"; };
		EDE4EEDD1C1E651600D4DF43 /* makefile */ = {isa = PBXFileReference; fileEncoding = 4; lastKnownFileType = sourcecode.make; path = makefile; sourceTree = "<group>"; usesTabs = 1; };
/* End PBXFileReference section */

/* Begin PBXFrameworksBuildPhase section */
		E5D81FED166F8ABF0075A356 /* Frameworks */ = {
			isa = PBXFrameworksBuildPhase;
			buildActionMask = 2147483647;
			files = (
			);
			runOnlyForDeploymentPostprocessing = 0;
		};
/* End PBXFrameworksBuildPhase section */

/* Begin PBXGroup section */
		E5D81FE5166F8ABF0075A356 = {
			isa = PBXGroup;
			children = (
				EDE4EEDD1C1E651600D4DF43 /* makefile */,
				E5D81FF7166F8ABF0075A356 /* GenericUSBXHCI */,
				E5D81FF4166F8ABF0075A356 /* Frameworks */,
				E5D81FF3166F8ABF0075A356 /* Products */,
			);
			sourceTree = "<group>";
		};
		E5D81FF3166F8ABF0075A356 /* Products */ = {
			isa = PBXGroup;
			children = (
				E5D81FF2166F8ABF0075A356 /* GenericUSBXHCI.kext */,
			);
			name = Products;
			sourceTree = "<group>";
		};
		E5D81FF4166F8ABF0075A356 /* Frameworks */ = {
			isa = PBXGroup;
			children = (
				E5D81FF5166F8ABF0075A356 /* Other Frameworks */,
			);
			name = Frameworks;
			sourceTree = "<group>";
		};
		E5D81FF5166F8ABF0075A356 /* Other Frameworks */ = {
			isa = PBXGroup;
			children = (
				E5D81FF6166F8ABF0075A356 /* Kernel.framework */,
			);
			name = "Other Frameworks";
			sourceTree = "<group>";
		};
		E5D81FF7166F8ABF0075A356 /* GenericUSBXHCI */ = {
			isa = PBXGroup;
			children = (
				E508C9FF16A2030B005DEF4F /* Accessors.cpp */,
				E5D5A40616C80BFA0087F0E9 /* Async.h */,
				E50946D11806FC3C0034259A /* Async.cpp */,
				E5D588C316B563CC002E8D56 /* Command.cpp */,
				E50CAA1B19C0B17700E2412C /* Compatibility.h */,
				E50CAA1C19C0B74900E2412C /* Compatibility.cpp */,
				E5FD15B7181180370035DB81 /* Completer.h */,
				E5FD15B81811804B0035DB81 /* Completer.cpp */,
				E5EA8C7E169822C800A263A2 /* Diagnostics.cpp */,
				E5D4CB7116B4422200A81AB7 /* Endpoints.cpp */,
				E5D81FFD166F8ABF0075A356 /* GenericUSBXHCI.h */,
				E5FA97CA16BEE6920026B0FD /* GenericUSBXHCIUserClient.h */,
				E5D81FFE166F8ABF0075A356 /* GenericUSBXHCI.cpp */,
				E5FC455B181D65A2007BFF5B /* GenericUSBXHCIEventSource.cpp */,
				E5FA97C916BEE6920026B0FD /* GenericUSBXHCIUserClient.cpp */,
				E5EA8C811698239100A263A2 /* Interrupts.cpp */,
				E50C5E4016EF381600D655E1 /* Isoch.h */,
				E50C5E3E16EF37FE00D655E1 /* Isoch.cpp */,
				E52B1AC3168BA6D600860CF2 /* Leaf_Methods.cpp */,
				E518655A1695EFE400F068CF /* Private.h */,
				E5EA8C831698241A00A263A2 /* PwrMgmt.cpp */,
				E53AAC2F1807016B0050AC2C /* Rings.cpp */,
				E5D170DE16ADFDE9004F0277 /* RootHub.cpp */,
				E5DE3C4718070046007D70A7 /* Slots.cpp */,
				E5AE45A81805D01D000813E4 /* Streams.cpp */,
				E5A3497116C7B79500F86B90 /* Transfers.cpp */,
				E5D4CB7316B4432300A81AB7 /* UnXHCI.cpp */,
				E5DE0B26168BAC3A002BD641 /* V1Overrides.cpp */,
				E5DE0B2B168BAC5E002BD641 /* V1Pure.cpp */,
				E5C71C19168BAA530066307F /* V2Overrides.cpp */,
				E5C71C15168BAA480066307F /* V2Pure.cpp */,
				E5C71C11168BA9CC0066307F /* V3Overrides.cpp */,
				E52B1AC8168BA86400860CF2 /* V3Pure.cpp */,
				E5D225F1167B758400519E3E /* XHCIRegs.h */,
				E5D4CB6F16B4307800A81AB7 /* XHCITRB.h */,
				E5E863C216B3EAE900C8C1AC /* XHCITypes.h */,
				E5D81FF8166F8ABF0075A356 /* Supporting Files */,
			);
			name = GenericUSBXHCI;
			sourceTree = SOURCE_ROOT;
			wrapsLines = 0;
		};
		E5D81FF8166F8ABF0075A356 /* Supporting Files */ = {
			isa = PBXGroup;
			children = (
				E5D81FF9166F8ABF0075A356 /* Info.plist */,
			);
			name = "Supporting Files";
			sourceTree = "<group>";
		};
/* End PBXGroup section */

/* Begin PBXHeadersBuildPhase section */
		E5D81FEE166F8ABF0075A356 /* Headers */ = {
			isa = PBXHeadersBuildPhase;
			buildActionMask = 2147483647;
			files = (
			);
			runOnlyForDeploymentPostprocessing = 0;
		};
/* End PBXHeadersBuildPhase section */

/* Begin PBXNativeTarget section */
		E5D81FF1166F8ABF0075A356 /* GenericUSBXHCI */ = {
			isa = PBXNativeTarget;
			buildConfigurationList = E5D82003166F8ABF0075A356 /* Build configuration list for PBXNativeTarget "GenericUSBXHCI" */;
			buildPhases = (
				E5D81FEC166F8ABF0075A356 /* Sources */,
				E5D81FED166F8ABF0075A356 /* Frameworks */,
				E5D81FEE166F8ABF0075A356 /* Headers */,
				E5D81FEF166F8ABF0075A356 /* Resources */,
				E5D81FF0166F8ABF0075A356 /* Rez */,
			);
			buildRules = (
			);
			dependencies = (
			);
			name = GenericUSBXHCI;
			productName = GenericUSBXHCI;
			productReference = E5D81FF2166F8ABF0075A356 /* GenericUSBXHCI.kext */;
			productType = "com.apple.product-type.kernel-extension";
		};
/* End PBXNativeTarget section */

/* Begin PBXProject section */
		E5D81FE7166F8ABF0075A356 /* Project object */ = {
			isa = PBXProject;
			attributes = {
				LastUpgradeCheck = 0600;
			};
			buildConfigurationList = E5D81FEA166F8ABF0075A356 /* Build configuration list for PBXProject "GenericUSBXHCI" */;
			compatibilityVersion = "Xcode 3.2";
			developmentRegion = English;
			hasScannedForEncodings = 0;
			knownRegions = (
				en,
			);
			mainGroup = E5D81FE5166F8ABF0075A356;
			productRefGroup = E5D81FF3166F8ABF0075A356 /* Products */;
			projectDirPath = "";
			projectRoot = "";
			targets = (
				E5D81FF1166F8ABF0075A356 /* GenericUSBXHCI */,
			);
		};
/* End PBXProject section */

/* Begin PBXResourcesBuildPhase section */
		E5D81FEF166F8ABF0075A356 /* Resources */ = {
			isa = PBXResourcesBuildPhase;
			buildActionMask = 2147483647;
			files = (
			);
			runOnlyForDeploymentPostprocessing = 0;
		};
/* End PBXResourcesBuildPhase section */

/* Begin PBXRezBuildPhase section */
		E5D81FF0166F8ABF0075A356 /* Rez */ = {
			isa = PBXRezBuildPhase;
			buildActionMask = 2147483647;
			files = (
			);
			runOnlyForDeploymentPostprocessing = 0;
		};
/* End PBXRezBuildPhase section */

/* Begin PBXSourcesBuildPhase section */
		E5D81FEC166F8ABF0075A356 /* Sources */ = {
			isa = PBXSourcesBuildPhase;
			buildActionMask = 2147483647;
			files = (
				E5D81FFF166F8ABF0075A356 /* GenericUSBXHCI.cpp in Sources */,
				E5FD15B91811804B0035DB81 /* Completer.cpp in Sources */,
				E52B1AC5168BA6D600860CF2 /* Leaf_Methods.cpp in Sources */,
				E52B1ACA168BA86400860CF2 /* V3Pure.cpp in Sources */,
				E5C71C13168BA9CC0066307F /* V3Overrides.cpp in Sources */,
				E5C71C17168BAA480066307F /* V2Pure.cpp in Sources */,
				E50946D21806FC3C0034259A /* Async.cpp in Sources */,
				E5C71C1B168BAA540066307F /* V2Overrides.cpp in Sources */,
				E50CAA1D19C0B74900E2412C /* Compatibility.cpp in Sources */,
				E5DE0B28168BAC3A002BD641 /* V1Overrides.cpp in Sources */,
				E5DE0B2D168BAC5E002BD641 /* V1Pure.cpp in Sources */,
				E5EA8C7F169822C800A263A2 /* Diagnostics.cpp in Sources */,
				E5EA8C821698239100A263A2 /* Interrupts.cpp in Sources */,
				E5EA8C841698241A00A263A2 /* PwrMgmt.cpp in Sources */,
				E5FC455C181D65A2007BFF5B /* GenericUSBXHCIEventSource.cpp in Sources */,
				E5AE45A91805D01D000813E4 /* Streams.cpp in Sources */,
				E53AAC301807016B0050AC2C /* Rings.cpp in Sources */,
				E5DE3C4818070046007D70A7 /* Slots.cpp in Sources */,
				E508CA0016A2030B005DEF4F /* Accessors.cpp in Sources */,
				E5D170DF16ADFDE9004F0277 /* RootHub.cpp in Sources */,
				E5D4CB7216B4422200A81AB7 /* Endpoints.cpp in Sources */,
				E5D4CB7416B4432300A81AB7 /* UnXHCI.cpp in Sources */,
				E5D588C416B563CC002E8D56 /* Command.cpp in Sources */,
				E5FA97CB16BEE6920026B0FD /* GenericUSBXHCIUserClient.cpp in Sources */,
				E5A3497216C7B79500F86B90 /* Transfers.cpp in Sources */,
				E50C5E3F16EF37FE00D655E1 /* Isoch.cpp in Sources */,
			);
			runOnlyForDeploymentPostprocessing = 0;
		};
/* End PBXSourcesBuildPhase section */

/* Begin XCBuildConfiguration section */
		84D329F419EF269B00AC74E3 /* Universal */ = {
			isa = XCBuildConfiguration;
			buildSettings = {
				ALWAYS_SEARCH_USER_PATHS = NO;
				COMBINE_HIDPI_IMAGES = YES;
				COPYRIGHT_NOTICE = "Copyright © 2012-2014 Zenith432. All rights reserved.";
				CURRENT_PROJECT_VERSION = 1.2.11;
				DEPLOYMENT_POSTPROCESSING = YES;
				DYLIB_COMPATIBILITY_VERSION = 1.0.0;
				GCC_ENABLE_CPP_EXCEPTIONS = NO;
				GCC_ENABLE_CPP_RTTI = NO;
				"GCC_ENABLE_KERNEL_DEVELOPMENT[arch=x86_64]" = YES;
				GCC_ENABLE_OBJC_EXCEPTIONS = NO;
				GCC_GENERATE_DEBUGGING_SYMBOLS = NO;
				GCC_PREPROCESSOR_DEFINITIONS = "REHABMAN_UNIVERSAL_BUILD=1";
				GCC_SYMBOLS_PRIVATE_EXTERN = YES;
				GCC_WARN_64_TO_32_BIT_CONVERSION = YES;
				GCC_WARN_ABOUT_RETURN_TYPE = YES;
				GCC_WARN_SIGN_COMPARE = YES;
				GCC_WARN_UNINITIALIZED_AUTOS = YES;
				GCC_WARN_UNUSED_VARIABLE = YES;
				"LLVM_LTO[arch=x86_64]" = YES;
				MACOSX_DEPLOYMENT_TARGET = 10.7.5;
				OTHER_CFLAGS = (
					"-fno-stack-protector",
					"-D__STDC_LIMIT_MACROS",
				);
				OTHER_LDFLAGS = "-Wl,-no_source_version";
				"OTHER_LDFLAGS[arch=x86_64]" = "-dead_strip";
				SDKROOT = macosx10.8;
				STRIPFLAGS = "-no_uuid";
				STRIP_STYLE = "non-global";
			};
			name = Universal;
		};
		84D329F519EF269B00AC74E3 /* Universal */ = {
			isa = XCBuildConfiguration;
			buildSettings = {
				INFOPLIST_FILE = Info.plist;
				INFOPLIST_PREPROCESS = YES;
				MODULE_NAME = net.osx86.kexts.GenericUSBXHCI;
				MODULE_START = Startup;
				MODULE_VERSION = "$(CURRENT_PROJECT_VERSION)";
				PRODUCT_NAME = "$(TARGET_NAME)";
				WRAPPER_EXTENSION = kext;
			};
			name = Universal;
		};
		E57422AF19BDE8BF00AE6445 /* Yosemite */ = {
			isa = XCBuildConfiguration;
			buildSettings = {
				ALWAYS_SEARCH_USER_PATHS = NO;
				COMBINE_HIDPI_IMAGES = YES;
				COPYRIGHT_NOTICE = "Copyright © 2012-2014 Zenith432. All rights reserved.";
				CURRENT_PROJECT_VERSION = 1.2.11;
				DEPLOYMENT_POSTPROCESSING = YES;
				DYLIB_COMPATIBILITY_VERSION = 1.0.0;
				GCC_ENABLE_CPP_EXCEPTIONS = NO;
				GCC_ENABLE_CPP_RTTI = NO;
				"GCC_ENABLE_KERNEL_DEVELOPMENT[arch=x86_64]" = YES;
				GCC_ENABLE_OBJC_EXCEPTIONS = NO;
				GCC_GENERATE_DEBUGGING_SYMBOLS = NO;
				GCC_SYMBOLS_PRIVATE_EXTERN = YES;
				GCC_WARN_64_TO_32_BIT_CONVERSION = YES;
				GCC_WARN_ABOUT_RETURN_TYPE = YES;
				GCC_WARN_SIGN_COMPARE = YES;
				GCC_WARN_UNINITIALIZED_AUTOS = YES;
				GCC_WARN_UNUSED_VARIABLE = YES;
				"LLVM_LTO[arch=x86_64]" = YES;
				OTHER_CFLAGS = "-fno-stack-protector";
				OTHER_LDFLAGS = "-Wl,-no_source_version";
				"OTHER_LDFLAGS[arch=x86_64]" = "-dead_strip";
				SDKROOT = macosx10.10;
				STRIPFLAGS = "-no_uuid";
				STRIP_STYLE = "non-global";
			};
			name = Yosemite;
		};
		E57422B019BDE8BF00AE6445 /* Yosemite */ = {
			isa = XCBuildConfiguration;
			buildSettings = {
				INFOPLIST_FILE = Info.plist;
				INFOPLIST_PREPROCESS = YES;
				MODULE_NAME = net.osx86.kexts.GenericUSBXHCI;
				MODULE_START = Startup;
				MODULE_VERSION = "$(CURRENT_PROJECT_VERSION)";
				PRODUCT_NAME = "$(TARGET_NAME)";
				WRAPPER_EXTENSION = kext;
			};
			name = Yosemite;
		};
		E584D8771801A06E005D520B /* Mavericks */ = {
			isa = XCBuildConfiguration;
			buildSettings = {
				ALWAYS_SEARCH_USER_PATHS = NO;
				COMBINE_HIDPI_IMAGES = YES;
				COPYRIGHT_NOTICE = "Copyright © 2012-2014 Zenith432. All rights reserved.";
				CURRENT_PROJECT_VERSION = 1.2.11;
				DEPLOYMENT_POSTPROCESSING = YES;
				DYLIB_COMPATIBILITY_VERSION = 1.0.0;
				GCC_ENABLE_CPP_EXCEPTIONS = NO;
				GCC_ENABLE_CPP_RTTI = NO;
				"GCC_ENABLE_KERNEL_DEVELOPMENT[arch=x86_64]" = YES;
				GCC_ENABLE_OBJC_EXCEPTIONS = NO;
				GCC_GENERATE_DEBUGGING_SYMBOLS = NO;
				GCC_SYMBOLS_PRIVATE_EXTERN = YES;
				GCC_WARN_64_TO_32_BIT_CONVERSION = YES;
				GCC_WARN_ABOUT_RETURN_TYPE = YES;
				GCC_WARN_SIGN_COMPARE = YES;
				GCC_WARN_UNINITIALIZED_AUTOS = YES;
				GCC_WARN_UNUSED_VARIABLE = YES;
				"LLVM_LTO[arch=x86_64]" = YES;
				MACOSX_DEPLOYMENT_TARGET = 10.9;
				OTHER_CFLAGS = "-fno-stack-protector";
				OTHER_LDFLAGS = "-Wl,-no_source_version";
				"OTHER_LDFLAGS[arch=x86_64]" = "-dead_strip";
				SDKROOT = macosx10.9;
				STRIPFLAGS = "-no_uuid";
				STRIP_STYLE = "non-global";
			};
			name = Mavericks;
		};
		E584D8781801A06E005D520B /* Mavericks */ = {
			isa = XCBuildConfiguration;
			buildSettings = {
				INFOPLIST_FILE = Info.plist;
				INFOPLIST_PREPROCESS = YES;
				MODULE_NAME = net.osx86.kexts.GenericUSBXHCI;
				MODULE_START = Startup;
				MODULE_VERSION = "$(CURRENT_PROJECT_VERSION)";
				PRODUCT_NAME = "$(TARGET_NAME)";
				WRAPPER_EXTENSION = kext;
			};
			name = Mavericks;
		};
		E5D82002166F8ABF0075A356 /* Legacy */ = {
			isa = XCBuildConfiguration;
			buildSettings = {
				ALWAYS_SEARCH_USER_PATHS = NO;
				COMBINE_HIDPI_IMAGES = YES;
				COPYRIGHT_NOTICE = "Copyright © 2012-2014 Zenith432. All rights reserved.";
				CURRENT_PROJECT_VERSION = 1.2.11;
				DEPLOYMENT_POSTPROCESSING = YES;
				DYLIB_COMPATIBILITY_VERSION = 1.0.0;
				GCC_ENABLE_CPP_EXCEPTIONS = NO;
				GCC_ENABLE_CPP_RTTI = NO;
				"GCC_ENABLE_KERNEL_DEVELOPMENT[arch=x86_64]" = YES;
				GCC_ENABLE_OBJC_EXCEPTIONS = NO;
				GCC_GENERATE_DEBUGGING_SYMBOLS = NO;
				GCC_PREPROCESSOR_DEFINITIONS = "";
				GCC_SYMBOLS_PRIVATE_EXTERN = YES;
				GCC_WARN_64_TO_32_BIT_CONVERSION = YES;
				GCC_WARN_ABOUT_RETURN_TYPE = YES;
				GCC_WARN_SIGN_COMPARE = YES;
				GCC_WARN_UNINITIALIZED_AUTOS = YES;
				GCC_WARN_UNUSED_VARIABLE = YES;
				"LLVM_LTO[arch=x86_64]" = YES;
				MACOSX_DEPLOYMENT_TARGET = 10.7.5;
				OTHER_CFLAGS = (
					"-fno-stack-protector",
					"-D__STDC_LIMIT_MACROS",
				);
				OTHER_LDFLAGS = "-Wl,-no_source_version";
				"OTHER_LDFLAGS[arch=x86_64]" = "-dead_strip";
				SDKROOT = macosx10.8;
				STRIPFLAGS = "-no_uuid";
				STRIP_STYLE = "non-global";
			};
			name = Legacy;
		};
		E5D82005166F8ABF0075A356 /* Legacy */ = {
			isa = XCBuildConfiguration;
			buildSettings = {
				GCC_PREPROCESSOR_DEFINITIONS = "";
				INFOPLIST_FILE = Info.plist;
				INFOPLIST_PREPROCESS = YES;
				MODULE_NAME = net.osx86.kexts.GenericUSBXHCI;
				MODULE_START = Startup;
				MODULE_VERSION = "$(CURRENT_PROJECT_VERSION)";
				PRODUCT_NAME = "$(TARGET_NAME)";
				WRAPPER_EXTENSION = kext;
			};
			name = Legacy;
		};
/* End XCBuildConfiguration section */

/* Begin XCConfigurationList section */
		E5D81FEA166F8ABF0075A356 /* Build configuration list for PBXProject "GenericUSBXHCI" */ = {
			isa = XCConfigurationList;
			buildConfigurations = (
				E5D82002166F8ABF0075A356 /* Legacy */,
				84D329F419EF269B00AC74E3 /* Universal */,
				E584D8771801A06E005D520B /* Mavericks */,
				E57422AF19BDE8BF00AE6445 /* Yosemite */,
			);
			defaultConfigurationIsVisible = 0;
			defaultConfigurationName = Universal;
		};
		E5D82003166F8ABF0075A356 /* Build configuration list for PBXNativeTarget "GenericUSBXHCI" */ = {
			isa = XCConfigurationList;
			buildConfigurations = (
				E5D82005166F8ABF0075A356 /* Legacy */,
				84D329F519EF269B00AC74E3 /* Universal */,
				E584D8781801A06E005D520B /* Mavericks */,
				E57422B019BDE8BF00AE6445 /* Yosemite */,
			);
			defaultConfigurationIsVisible = 0;
			defaultConfigurationName = Universal;
		};
/* End XCConfigurationList section */
	};
	rootObject = E5D81FE7166F8ABF0075A356 /* Project object */;
}
